// !$*UTF8*$!
{
	archiveVersion = 1;
	classes = {
	};
	objectVersion = 46;
	objects = {

/* Begin PBXBuildFile section */
		D309D2D51CD3F1B100CB2DE0 /* otherStoryboard.storyboard in Resources */ = {isa = PBXBuildFile; fileRef = D309D2D41CD3F1B100CB2DE0 /* otherStoryboard.storyboard */; };
		D3CC46C71CD1ADDC00377F1C /* AppDelegate.swift in Sources */ = {isa = PBXBuildFile; fileRef = D3CC46C61CD1ADDC00377F1C /* AppDelegate.swift */; };
		D3CC46C91CD1ADDC00377F1C /* ViewController.swift in Sources */ = {isa = PBXBuildFile; fileRef = D3CC46C81CD1ADDC00377F1C /* ViewController.swift */; };
		D3CC46CB1CD1ADDC00377F1C /* Assets.xcassets in Resources */ = {isa = PBXBuildFile; fileRef = D3CC46CA1CD1ADDC00377F1C /* Assets.xcassets */; };
		D3CC46CE1CD1ADDC00377F1C /* Main.storyboard in Resources */ = {isa = PBXBuildFile; fileRef = D3CC46CC1CD1ADDC00377F1C /* Main.storyboard */; };
		D3CC46F11CD2971D00377F1C /* ComponentAViewController.swift in Sources */ = {isa = PBXBuildFile; fileRef = D3CC46F01CD2971D00377F1C /* ComponentAViewController.swift */; };
		D3CC46F31CD2973500377F1C /* ComponentBViewController.swift in Sources */ = {isa = PBXBuildFile; fileRef = D3CC46F21CD2973500377F1C /* ComponentBViewController.swift */; };
		D3CC46F51CD2974200377F1C /* ComponentCViewController.swift in Sources */ = {isa = PBXBuildFile; fileRef = D3CC46F41CD2974200377F1C /* ComponentCViewController.swift */; };
/* End PBXBuildFile section */

/* Begin PBXFileReference section */
		D309D2D41CD3F1B100CB2DE0 /* otherStoryboard.storyboard */ = {isa = PBXFileReference; fileEncoding = 4; lastKnownFileType = file.storyboard; name = otherStoryboard.storyboard; path = storyboardDemo/otherStoryboard.storyboard; sourceTree = "<group>"; };
		D3CC46C31CD1ADDC00377F1C /* storyboardDemo.app */ = {isa = PBXFileReference; explicitFileType = wrapper.application; includeInIndex = 0; path = storyboardDemo.app; sourceTree = BUILT_PRODUCTS_DIR; };
		D3CC46C61CD1ADDC00377F1C /* AppDelegate.swift */ = {isa = PBXFileReference; lastKnownFileType = sourcecode.swift; path = AppDelegate.swift; sourceTree = "<group>"; };
		D3CC46C81CD1ADDC00377F1C /* ViewController.swift */ = {isa = PBXFileReference; lastKnownFileType = sourcecode.swift; path = ViewController.swift; sourceTree = "<group>"; };
		D3CC46CA1CD1ADDC00377F1C /* Assets.xcassets */ = {isa = PBXFileReference; lastKnownFileType = folder.assetcatalog; path = Assets.xcassets; sourceTree = "<group>"; };
		D3CC46CD1CD1ADDC00377F1C /* Base */ = {isa = PBXFileReference; lastKnownFileType = file.storyboard; name = Base; path = Base.lproj/Main.storyboard; sourceTree = "<group>"; };
		D3CC46CF1CD1ADDC00377F1C /* Info.plist */ = {isa = PBXFileReference; lastKnownFileType = text.plist.xml; path = Info.plist; sourceTree = "<group>"; };
		D3CC46F01CD2971D00377F1C /* ComponentAViewController.swift */ = {isa = PBXFileReference; fileEncoding = 4; lastKnownFileType = sourcecode.swift; path = ComponentAViewController.swift; sourceTree = "<group>"; };
		D3CC46F21CD2973500377F1C /* ComponentBViewController.swift */ = {isa = PBXFileReference; fileEncoding = 4; lastKnownFileType = sourcecode.swift; path = ComponentBViewController.swift; sourceTree = "<group>"; };
		D3CC46F41CD2974200377F1C /* ComponentCViewController.swift */ = {isa = PBXFileReference; fileEncoding = 4; lastKnownFileType = sourcecode.swift; path = ComponentCViewController.swift; sourceTree = "<group>"; };
/* End PBXFileReference section */

/* Begin PBXFrameworksBuildPhase section */
		D3CC46C01CD1ADDC00377F1C /* Frameworks */ = {
			isa = PBXFrameworksBuildPhase;
			buildActionMask = 2147483647;
			files = (
			);
			runOnlyForDeploymentPostprocessing = 0;
		};
/* End PBXFrameworksBuildPhase section */

/* Begin PBXGroup section */
		D3CC46BA1CD1ADDC00377F1C = {
			isa = PBXGroup;
			children = (
				D309D2D41CD3F1B100CB2DE0 /* otherStoryboard.storyboard */,
				D3CC46C51CD1ADDC00377F1C /* storyboardDemo */,
				D3CC46C41CD1ADDC00377F1C /* Products */,
			);
			sourceTree = "<group>";
		};
		D3CC46C41CD1ADDC00377F1C /* Products */ = {
			isa = PBXGroup;
			children = (
				D3CC46C31CD1ADDC00377F1C /* storyboardDemo.app */,
			);
			name = Products;
			sourceTree = "<group>";
		};
		D3CC46C51CD1ADDC00377F1C /* storyboardDemo */ = {
			isa = PBXGroup;
			children = (
				D3CC46C61CD1ADDC00377F1C /* AppDelegate.swift */,
				D3CC46F01CD2971D00377F1C /* ComponentAViewController.swift */,
				D3CC46F21CD2973500377F1C /* ComponentBViewController.swift */,
				D3CC46F41CD2974200377F1C /* ComponentCViewController.swift */,
				D3CC46C81CD1ADDC00377F1C /* ViewController.swift */,
				D3CC46CA1CD1ADDC00377F1C /* Assets.xcassets */,
				D3CC46CC1CD1ADDC00377F1C /* Main.storyboard */,
				D3CC46CF1CD1ADDC00377F1C /* Info.plist */,
			);
			path = storyboardDemo;
			sourceTree = "<group>";
		};
/* End PBXGroup section */

/* Begin PBXNativeTarget section */
		D3CC46C21CD1ADDC00377F1C /* storyboardDemo */ = {
			isa = PBXNativeTarget;
			buildConfigurationList = D3CC46D21CD1ADDC00377F1C /* Build configuration list for PBXNativeTarget "storyboardDemo" */;
			buildPhases = (
				D3CC46BF1CD1ADDC00377F1C /* Sources */,
				D3CC46C01CD1ADDC00377F1C /* Frameworks */,
				D3CC46C11CD1ADDC00377F1C /* Resources */,
			);
			buildRules = (
			);
			dependencies = (
			);
			name = storyboardDemo;
			productName = storyboardDemo;
			productReference = D3CC46C31CD1ADDC00377F1C /* storyboardDemo.app */;
			productType = "com.apple.product-type.application";
		};
/* End PBXNativeTarget section */

/* Begin PBXProject section */
		D3CC46BB1CD1ADDC00377F1C /* Project object */ = {
			isa = PBXProject;
			attributes = {
				LastSwiftUpdateCheck = 0730;
				LastUpgradeCheck = 0730;
				ORGANIZATIONNAME = "Vivek Gani";
				TargetAttributes = {
					D3CC46C21CD1ADDC00377F1C = {
						CreatedOnToolsVersion = 7.3;
					};
				};
			};
			buildConfigurationList = D3CC46BE1CD1ADDC00377F1C /* Build configuration list for PBXProject "storyboardDemo" */;
			compatibilityVersion = "Xcode 3.2";
			developmentRegion = English;
			hasScannedForEncodings = 0;
			knownRegions = (
				en,
				Base,
			);
			mainGroup = D3CC46BA1CD1ADDC00377F1C;
			productRefGroup = D3CC46C41CD1ADDC00377F1C /* Products */;
			projectDirPath = "";
			projectRoot = "";
			targets = (
				D3CC46C21CD1ADDC00377F1C /* storyboardDemo */,
			);
		};
/* End PBXProject section */

/* Begin PBXResourcesBuildPhase section */
		D3CC46C11CD1ADDC00377F1C /* Resources */ = {
			isa = PBXResourcesBuildPhase;
			buildActionMask = 2147483647;
			files = (
				D309D2D51CD3F1B100CB2DE0 /* otherStoryboard.storyboard in Resources */,
				D3CC46CB1CD1ADDC00377F1C /* Assets.xcassets in Resources */,
				D3CC46CE1CD1ADDC00377F1C /* Main.storyboard in Resources */,
			);
			runOnlyForDeploymentPostprocessing = 0;
		};
/* End PBXResourcesBuildPhase section */

/* Begin PBXSourcesBuildPhase section */
		D3CC46BF1CD1ADDC00377F1C /* Sources */ = {
			isa = PBXSourcesBuildPhase;
			buildActionMask = 2147483647;
			files = (
				D3CC46F11CD2971D00377F1C /* ComponentAViewController.swift in Sources */,
				D3CC46F31CD2973500377F1C /* ComponentBViewController.swift in Sources */,
				D3CC46F51CD2974200377F1C /* ComponentCViewController.swift in Sources */,
				D3CC46C91CD1ADDC00377F1C /* ViewController.swift in Sources */,
				D3CC46C71CD1ADDC00377F1C /* AppDelegate.swift in Sources */,
			);
			runOnlyForDeploymentPostprocessing = 0;
		};
/* End PBXSourcesBuildPhase section */

/* Begin PBXVariantGroup section */
		D3CC46CC1CD1ADDC00377F1C /* Main.storyboard */ = {
			isa = PBXVariantGroup;
			children = (
				D3CC46CD1CD1ADDC00377F1C /* Base */,
			);
			name = Main.storyboard;
			sourceTree = "<group>";
		};
/* End PBXVariantGroup section */

/* Begin XCBuildConfiguration section */
		D3CC46D01CD1ADDC00377F1C /* Debug */ = {
			isa = XCBuildConfiguration;
			buildSettings = {
				ALWAYS_SEARCH_USER_PATHS = NO;
				CLANG_ANALYZER_NONNULL = YES;
				CLANG_CXX_LANGUAGE_STANDARD = "gnu++0x";
				CLANG_CXX_LIBRARY = "libc++";
				CLANG_ENABLE_MODULES = YES;
				CLANG_ENABLE_OBJC_ARC = YES;
				CLANG_WARN_BOOL_CONVERSION = YES;
				CLANG_WARN_CONSTANT_CONVERSION = YES;
				CLANG_WARN_DIRECT_OBJC_ISA_USAGE = YES_ERROR;
				CLANG_WARN_EMPTY_BODY = YES;
				CLANG_WARN_ENUM_CONVERSION = YES;
				CLANG_WARN_INT_CONVERSION = YES;
				CLANG_WARN_OBJC_ROOT_CLASS = YES_ERROR;
				CLANG_WARN_UNREACHABLE_CODE = YES;
				CLANG_WARN__DUPLICATE_METHOD_MATCH = YES;
				CODE_SIGN_IDENTITY = "-";
				COPY_PHASE_STRIP = NO;
				DEBUG_INFORMATION_FORMAT = dwarf;
				ENABLE_STRICT_OBJC_MSGSEND = YES;
				ENABLE_TESTABILITY = YES;
				GCC_C_LANGUAGE_STANDARD = gnu99;
				GCC_DYNAMIC_NO_PIC = NO;
				GCC_NO_COMMON_BLOCKS = YES;
				GCC_OPTIMIZATION_LEVEL = 0;
				GCC_PREPROCESSOR_DEFINITIONS = (
					"DEBUG=1",
					"$(inherited)",
				);
				GCC_WARN_64_TO_32_BIT_CONVERSION = YES;
				GCC_WARN_ABOUT_RETURN_TYPE = YES_ERROR;
				GCC_WARN_UNDECLARED_SELECTOR = YES;
				GCC_WARN_UNINITIALIZED_AUTOS = YES_AGGRESSIVE;
				GCC_WARN_UNUSED_FUNCTION = YES;
				GCC_WARN_UNUSED_VARIABLE = YES;
				MACOSX_DEPLOYMENT_TARGET = 10.11;
				MTL_ENABLE_DEBUG_INFO = YES;
				ONLY_ACTIVE_ARCH = YES;
				SDKROOT = macosx;
				SWIFT_OPTIMIZATION_LEVEL = "-Onone";
			};
			name = Debug;
		};
		D3CC46D11CD1ADDC00377F1C /* Release */ = {
			isa = XCBuildConfiguration;
			buildSettings = {
				ALWAYS_SEARCH_USER_PATHS = NO;
				CLANG_ANALYZER_NONNULL = YES;
				CLANG_CXX_LANGUAGE_STANDARD = "gnu++0x";
				CLANG_CXX_LIBRARY = "libc++";
				CLANG_ENABLE_MODULES = YES;
				CLANG_ENABLE_OBJC_ARC = YES;
				CLANG_WARN_BOOL_CONVERSION = YES;
				CLANG_WARN_CONSTANT_CONVERSION = YES;
				CLANG_WARN_DIRECT_OBJC_ISA_USAGE = YES_ERROR;
				CLANG_WARN_EMPTY_BODY = YES;
				CLANG_WARN_ENUM_CONVERSION = YES;
				CLANG_WARN_INT_CONVERSION = YES;
				CLANG_WARN_OBJC_ROOT_CLASS = YES_ERROR;
				CLANG_WARN_UNREACHABLE_CODE = YES;
				CLANG_WARN__DUPLICATE_METHOD_MATCH = YES;
				CODE_SIGN_IDENTITY = "-";
				COPY_PHASE_STRIP = NO;
				DEBUG_INFORMATION_FORMAT = "dwarf-with-dsym";
				ENABLE_NS_ASSERTIONS = NO;
				ENABLE_STRICT_OBJC_MSGSEND = YES;
				GCC_C_LANGUAGE_STANDARD = gnu99;
				GCC_NO_COMMON_BLOCKS = YES;
				GCC_WARN_64_TO_32_BIT_CONVERSION = YES;
				GCC_WARN_ABOUT_RETURN_TYPE = YES_ERROR;
				GCC_WARN_UNDECLARED_SELECTOR = YES;
				GCC_WARN_UNINITIALIZED_AUTOS = YES_AGGRESSIVE;
				GCC_WARN_UNUSED_FUNCTION = YES;
				GCC_WARN_UNUSED_VARIABLE = YES;
				MACOSX_DEPLOYMENT_TARGET = 10.11;
				MTL_ENABLE_DEBUG_INFO = NO;
				SDKROOT = macosx;
			};
			name = Release;
		};
		D3CC46D31CD1ADDC00377F1C /* Debug */ = {
			isa = XCBuildConfiguration;
			buildSettings = {
				ASSETCATALOG_COMPILER_APPICON_NAME = AppIcon;
				COMBINE_HIDPI_IMAGES = YES;
				INFOPLIST_FILE = storyboardDemo/Info.plist;
				LD_RUNPATH_SEARCH_PATHS = "$(inherited) @executable_path/../Frameworks";
				PRODUCT_BUNDLE_IDENTIFIER = thawberry.storyboardDemo;
				PRODUCT_NAME = "$(TARGET_NAME)";
			};
			name = Debug;
		};
		D3CC46D41CD1ADDC00377F1C /* Release */ = {
			isa = XCBuildConfiguration;
			buildSettings = {
				ASSETCATALOG_COMPILER_APPICON_NAME = AppIcon;
				COMBINE_HIDPI_IMAGES = YES;
				INFOPLIST_FILE = storyboardDemo/Info.plist;
				LD_RUNPATH_SEARCH_PATHS = "$(inherited) @executable_path/../Frameworks";
				PRODUCT_BUNDLE_IDENTIFIER = thawberry.storyboardDemo;
				PRODUCT_NAME = "$(TARGET_NAME)";
			};
			name = Release;
		};
/* End XCBuildConfiguration section */

/* Begin XCConfigurationList section */
		D3CC46BE1CD1ADDC00377F1C /* Build configuration list for PBXProject "storyboardDemo" */ = {
			isa = XCConfigurationList;
			buildConfigurations = (
				D3CC46D01CD1ADDC00377F1C /* Debug */,
				D3CC46D11CD1ADDC00377F1C /* Release */,
			);
			defaultConfigurationIsVisible = 0;
			defaultConfigurationName = Release;
		};
		D3CC46D21CD1ADDC00377F1C /* Build configuration list for PBXNativeTarget "storyboardDemo" */ = {
			isa = XCConfigurationList;
			buildConfigurations = (
				D3CC46D31CD1ADDC00377F1C /* Debug */,
				D3CC46D41CD1ADDC00377F1C /* Release */,
			);
			defaultConfigurationIsVisible = 0;
			defaultConfigurationName = Release;
		};
/* End XCConfigurationList section */
	};
	rootObject = D3CC46BB1CD1ADDC00377F1C /* Project object */;
}
